
Microsoft Visual Studio Solution File, Format Version 12.00
# Visual Studio Version 16
VisualStudioVersion = 16.0.30225.117
MinimumVisualStudioVersion = 10.0.40219.1
Project("{8BC9CEB8-8B4A-11D0-8D11-00A0C91BC942}") = "09-07-StaticDataMember", "09-07-StaticDataMember.vcxproj", "{A62BFEFE-CA5F-4BAA-BC52-5EE6DE7FFA9C}"
EndProject
Global
	GlobalSection(SolutionConfigurationPlatforms) = preSolution
		Debug|x64 = Debug|x64
		Debug|x86 = Debug|x86
		Release|x64 = Release|x64
		Release|x86 = Release|x86
	EndGlobalSection
	GlobalSection(ProjectConfigurationPlatforms) = postSolution
		{A62BFEFE-CA5F-4BAA-BC52-5EE6DE7FFA9C}.Debug|x64.ActiveCfg = Debug|x64
		{A62BFEFE-CA5F-4BAA-BC52-5EE6DE7FFA9C}.Debug|x64.Build.0 = Debug|x64
		{A62BFEFE-CA5F-4BAA-BC52-5EE6DE7FFA9C}.Debug|x86.ActiveCfg = Debug|Win32
		{A62BFEFE-CA5F-4BAA-BC52-5EE6DE7FFA9C}.Debug|x86.Build.0 = Debug|Win32
		{A62BFEFE-CA5F-4BAA-BC52-5EE6DE7FFA9C}.Release|x64.ActiveCfg = Release|x64
		{A62BFEFE-CA5F-4BAA-BC52-5EE6DE7FFA9C}.Release|x64.Build.0 = Release|x64
		{A62BFEFE-CA5F-4BAA-BC52-5EE6DE7FFA9C}.Release|x86.ActiveCfg = Release|Win32
		{A62BFEFE-CA5F-4BAA-BC52-5EE6DE7FFA9C}.Release|x86.Build.0 = Release|Win32
	EndGlobalSection
	GlobalSection(SolutionProperties) = preSolution
		HideSolutionNode = FALSE
	EndGlobalSection
	GlobalSection(ExtensibilityGlobals) = postSolution
		SolutionGuid = {69D38D64-49DA-4115-922B-6580B811A650}
	EndGlobalSection
EndGlobal
