
Microsoft Visual Studio Solution File, Format Version 12.00
# Visual Studio Version 16
VisualStudioVersion = 16.0.30204.135
MinimumVisualStudioVersion = 10.0.40219.1
Project("{8BC9CEB8-8B4A-11D0-8D11-00A0C91BC942}") = "08-01-Pointer", "08-01-Pointer.vcxproj", "{3A1FFB38-0167-4DCD-9948-B906392F34E5}"
EndProject
Global
	GlobalSection(SolutionConfigurationPlatforms) = preSolution
		Debug|x64 = Debug|x64
		Debug|x86 = Debug|x86
		Release|x64 = Release|x64
		Release|x86 = Release|x86
	EndGlobalSection
	GlobalSection(ProjectConfigurationPlatforms) = postSolution
		{3A1FFB38-0167-4DCD-9948-B906392F34E5}.Debug|x64.ActiveCfg = Debug|x64
		{3A1FFB38-0167-4DCD-9948-B906392F34E5}.Debug|x64.Build.0 = Debug|x64
		{3A1FFB38-0167-4DCD-9948-B906392F34E5}.Debug|x86.ActiveCfg = Debug|Win32
		{3A1FFB38-0167-4DCD-9948-B906392F34E5}.Debug|x86.Build.0 = Debug|Win32
		{3A1FFB38-0167-4DCD-9948-B906392F34E5}.Release|x64.ActiveCfg = Release|x64
		{3A1FFB38-0167-4DCD-9948-B906392F34E5}.Release|x64.Build.0 = Release|x64
		{3A1FFB38-0167-4DCD-9948-B906392F34E5}.Release|x86.ActiveCfg = Release|Win32
		{3A1FFB38-0167-4DCD-9948-B906392F34E5}.Release|x86.Build.0 = Release|Win32
	EndGlobalSection
	GlobalSection(SolutionProperties) = preSolution
		HideSolutionNode = FALSE
	EndGlobalSection
	GlobalSection(ExtensibilityGlobals) = postSolution
		SolutionGuid = {D6307560-4401-4EC0-A55B-DDF7E126F658}
	EndGlobalSection
EndGlobal
