
Microsoft Visual Studio Solution File, Format Version 12.00
# Visual Studio Version 16
VisualStudioVersion = 16.0.30717.126
MinimumVisualStudioVersion = 10.0.40219.1
Project("{8BC9CEB8-8B4A-11D0-8D11-00A0C91BC942}") = "08-Exercise09-Exercise_8.16", "08-Exercise09-Exercise_8.16.vcxproj", "{C6F09CC7-9D27-4C9F-AF5F-A5C5FC24EADC}"
EndProject
Global
	GlobalSection(SolutionConfigurationPlatforms) = preSolution
		Debug|x64 = Debug|x64
		Debug|x86 = Debug|x86
		Release|x64 = Release|x64
		Release|x86 = Release|x86
	EndGlobalSection
	GlobalSection(ProjectConfigurationPlatforms) = postSolution
		{C6F09CC7-9D27-4C9F-AF5F-A5C5FC24EADC}.Debug|x64.ActiveCfg = Debug|x64
		{C6F09CC7-9D27-4C9F-AF5F-A5C5FC24EADC}.Debug|x64.Build.0 = Debug|x64
		{C6F09CC7-9D27-4C9F-AF5F-A5C5FC24EADC}.Debug|x86.ActiveCfg = Debug|Win32
		{C6F09CC7-9D27-4C9F-AF5F-A5C5FC24EADC}.Debug|x86.Build.0 = Debug|Win32
		{C6F09CC7-9D27-4C9F-AF5F-A5C5FC24EADC}.Release|x64.ActiveCfg = Release|x64
		{C6F09CC7-9D27-4C9F-AF5F-A5C5FC24EADC}.Release|x64.Build.0 = Release|x64
		{C6F09CC7-9D27-4C9F-AF5F-A5C5FC24EADC}.Release|x86.ActiveCfg = Release|Win32
		{C6F09CC7-9D27-4C9F-AF5F-A5C5FC24EADC}.Release|x86.Build.0 = Release|Win32
	EndGlobalSection
	GlobalSection(SolutionProperties) = preSolution
		HideSolutionNode = FALSE
	EndGlobalSection
	GlobalSection(ExtensibilityGlobals) = postSolution
		SolutionGuid = {D3C24988-FFE3-4591-B013-3E91FE72ABC7}
	EndGlobalSection
EndGlobal
