
Microsoft Visual Studio Solution File, Format Version 12.00
# Visual Studio Version 16
VisualStudioVersion = 16.0.30717.126
MinimumVisualStudioVersion = 10.0.40219.1
Project("{8BC9CEB8-8B4A-11D0-8D11-00A0C91BC942}") = "10-Exercise01-10.7", "10-Exercise01-10.7.vcxproj", "{DB87E3D1-369A-4D71-BA54-9C31437958AB}"
EndProject
Global
	GlobalSection(SolutionConfigurationPlatforms) = preSolution
		Debug|x64 = Debug|x64
		Debug|x86 = Debug|x86
		Release|x64 = Release|x64
		Release|x86 = Release|x86
	EndGlobalSection
	GlobalSection(ProjectConfigurationPlatforms) = postSolution
		{DB87E3D1-369A-4D71-BA54-9C31437958AB}.Debug|x64.ActiveCfg = Debug|x64
		{DB87E3D1-369A-4D71-BA54-9C31437958AB}.Debug|x64.Build.0 = Debug|x64
		{DB87E3D1-369A-4D71-BA54-9C31437958AB}.Debug|x86.ActiveCfg = Debug|Win32
		{DB87E3D1-369A-4D71-BA54-9C31437958AB}.Debug|x86.Build.0 = Debug|Win32
		{DB87E3D1-369A-4D71-BA54-9C31437958AB}.Release|x64.ActiveCfg = Release|x64
		{DB87E3D1-369A-4D71-BA54-9C31437958AB}.Release|x64.Build.0 = Release|x64
		{DB87E3D1-369A-4D71-BA54-9C31437958AB}.Release|x86.ActiveCfg = Release|Win32
		{DB87E3D1-369A-4D71-BA54-9C31437958AB}.Release|x86.Build.0 = Release|Win32
	EndGlobalSection
	GlobalSection(SolutionProperties) = preSolution
		HideSolutionNode = FALSE
	EndGlobalSection
	GlobalSection(ExtensibilityGlobals) = postSolution
		SolutionGuid = {C154412D-E3C3-4319-AE0B-26127F71591D}
	EndGlobalSection
EndGlobal
