
Microsoft Visual Studio Solution File, Format Version 12.00
# Visual Studio Version 16
VisualStudioVersion = 16.0.30204.135
MinimumVisualStudioVersion = 10.0.40219.1
Project("{8BC9CEB8-8B4A-11D0-8D11-00A0C91BC942}") = "7-03-RandomDiceRoll6000000TimeWithUsingArray", "7-03-RandomDiceRoll6000000TimeWithUsingArray.vcxproj", "{40AB6243-2F5B-4B7C-A7EF-0D1A0D979886}"
EndProject
Global
	GlobalSection(SolutionConfigurationPlatforms) = preSolution
		Debug|x64 = Debug|x64
		Debug|x86 = Debug|x86
		Release|x64 = Release|x64
		Release|x86 = Release|x86
	EndGlobalSection
	GlobalSection(ProjectConfigurationPlatforms) = postSolution
		{40AB6243-2F5B-4B7C-A7EF-0D1A0D979886}.Debug|x64.ActiveCfg = Debug|x64
		{40AB6243-2F5B-4B7C-A7EF-0D1A0D979886}.Debug|x64.Build.0 = Debug|x64
		{40AB6243-2F5B-4B7C-A7EF-0D1A0D979886}.Debug|x86.ActiveCfg = Debug|Win32
		{40AB6243-2F5B-4B7C-A7EF-0D1A0D979886}.Debug|x86.Build.0 = Debug|Win32
		{40AB6243-2F5B-4B7C-A7EF-0D1A0D979886}.Release|x64.ActiveCfg = Release|x64
		{40AB6243-2F5B-4B7C-A7EF-0D1A0D979886}.Release|x64.Build.0 = Release|x64
		{40AB6243-2F5B-4B7C-A7EF-0D1A0D979886}.Release|x86.ActiveCfg = Release|Win32
		{40AB6243-2F5B-4B7C-A7EF-0D1A0D979886}.Release|x86.Build.0 = Release|Win32
	EndGlobalSection
	GlobalSection(SolutionProperties) = preSolution
		HideSolutionNode = FALSE
	EndGlobalSection
	GlobalSection(ExtensibilityGlobals) = postSolution
		SolutionGuid = {4D04945C-46C8-48FC-8BF5-ECDE07C7499C}
	EndGlobalSection
EndGlobal
