
Microsoft Visual Studio Solution File, Format Version 12.00
# Visual Studio Version 16
VisualStudioVersion = 16.0.30204.135
MinimumVisualStudioVersion = 10.0.40219.1
Project("{8BC9CEB8-8B4A-11D0-8D11-00A0C91BC942}") = "7-05-PollAnalysis", "7-05-PollAnalysis.vcxproj", "{E7B9F213-5F40-43E1-8F38-7B89EEE27E9F}"
EndProject
Global
	GlobalSection(SolutionConfigurationPlatforms) = preSolution
		Debug|x64 = Debug|x64
		Debug|x86 = Debug|x86
		Release|x64 = Release|x64
		Release|x86 = Release|x86
	EndGlobalSection
	GlobalSection(ProjectConfigurationPlatforms) = postSolution
		{E7B9F213-5F40-43E1-8F38-7B89EEE27E9F}.Debug|x64.ActiveCfg = Debug|x64
		{E7B9F213-5F40-43E1-8F38-7B89EEE27E9F}.Debug|x64.Build.0 = Debug|x64
		{E7B9F213-5F40-43E1-8F38-7B89EEE27E9F}.Debug|x86.ActiveCfg = Debug|Win32
		{E7B9F213-5F40-43E1-8F38-7B89EEE27E9F}.Debug|x86.Build.0 = Debug|Win32
		{E7B9F213-5F40-43E1-8F38-7B89EEE27E9F}.Release|x64.ActiveCfg = Release|x64
		{E7B9F213-5F40-43E1-8F38-7B89EEE27E9F}.Release|x64.Build.0 = Release|x64
		{E7B9F213-5F40-43E1-8F38-7B89EEE27E9F}.Release|x86.ActiveCfg = Release|Win32
		{E7B9F213-5F40-43E1-8F38-7B89EEE27E9F}.Release|x86.Build.0 = Release|Win32
	EndGlobalSection
	GlobalSection(SolutionProperties) = preSolution
		HideSolutionNode = FALSE
	EndGlobalSection
	GlobalSection(ExtensibilityGlobals) = postSolution
		SolutionGuid = {1C0744B6-5281-4EBB-BDD3-755BFEE76C52}
	EndGlobalSection
EndGlobal
