
Microsoft Visual Studio Solution File, Format Version 12.00
# Visual Studio Version 16
VisualStudioVersion = 16.0.30204.135
MinimumVisualStudioVersion = 10.0.40219.1
Project("{8BC9CEB8-8B4A-11D0-8D11-00A0C91BC942}") = "7-08-SortingSearchingArray", "7-08-SortingSearchingArray.vcxproj", "{083BB056-E057-4579-8EC5-F637B11ED863}"
EndProject
Global
	GlobalSection(SolutionConfigurationPlatforms) = preSolution
		Debug|x64 = Debug|x64
		Debug|x86 = Debug|x86
		Release|x64 = Release|x64
		Release|x86 = Release|x86
	EndGlobalSection
	GlobalSection(ProjectConfigurationPlatforms) = postSolution
		{083BB056-E057-4579-8EC5-F637B11ED863}.Debug|x64.ActiveCfg = Debug|x64
		{083BB056-E057-4579-8EC5-F637B11ED863}.Debug|x64.Build.0 = Debug|x64
		{083BB056-E057-4579-8EC5-F637B11ED863}.Debug|x86.ActiveCfg = Debug|Win32
		{083BB056-E057-4579-8EC5-F637B11ED863}.Debug|x86.Build.0 = Debug|Win32
		{083BB056-E057-4579-8EC5-F637B11ED863}.Release|x64.ActiveCfg = Release|x64
		{083BB056-E057-4579-8EC5-F637B11ED863}.Release|x64.Build.0 = Release|x64
		{083BB056-E057-4579-8EC5-F637B11ED863}.Release|x86.ActiveCfg = Release|Win32
		{083BB056-E057-4579-8EC5-F637B11ED863}.Release|x86.Build.0 = Release|Win32
	EndGlobalSection
	GlobalSection(SolutionProperties) = preSolution
		HideSolutionNode = FALSE
	EndGlobalSection
	GlobalSection(ExtensibilityGlobals) = postSolution
		SolutionGuid = {C7BB62AC-7BF1-4E34-ABE1-6F3FF200B4F3}
	EndGlobalSection
EndGlobal
